
Microsoft Visual Studio Solution File, Format Version 12.00
# Blend for Visual Studio Version 17
VisualStudioVersion = 17.0.31423.177
MinimumVisualStudioVersion = 10.0.40219.1
Project("{FAE04EC0-301F-11D3-BF4B-00C04F79EFBC}") = "SuperheroApp.UI", "SuperheroApp.UI\SuperheroApp.UI.csproj", "{D6B430F6-3205-4345-9EFB-5CC2E1C02A02}"
EndProject
Project("{FAE04EC0-301F-11D3-BF4B-00C04F79EFBC}") = "SuperheroApp.Domain", "SuperheroApp.Domain\SuperheroApp.Domain.csproj", "{127EF4D7-1A56-453F-A551-51974E0FFBE5}"
EndProject
Project("{FAE04EC0-301F-11D3-BF4B-00C04F79EFBC}") = "SuperheroApp.Data", "SuperheroApp.Data\SuperheroApp.Data.csproj", "{806E6425-4780-48BE-98B6-75A54C8F736A}"
EndProject
Global
	GlobalSection(SolutionConfigurationPlatforms) = preSolution
		Debug|Any CPU = Debug|Any CPU
		Release|Any CPU = Release|Any CPU
	EndGlobalSection
	GlobalSection(ProjectConfigurationPlatforms) = postSolution
		{D6B430F6-3205-4345-9EFB-5CC2E1C02A02}.Debug|Any CPU.ActiveCfg = Debug|Any CPU
		{D6B430F6-3205-4345-9EFB-5CC2E1C02A02}.Debug|Any CPU.Build.0 = Debug|Any CPU
		{D6B430F6-3205-4345-9EFB-5CC2E1C02A02}.Release|Any CPU.ActiveCfg = Release|Any CPU
		{D6B430F6-3205-4345-9EFB-5CC2E1C02A02}.Release|Any CPU.Build.0 = Release|Any CPU
		{127EF4D7-1A56-453F-A551-51974E0FFBE5}.Debug|Any CPU.ActiveCfg = Debug|Any CPU
		{127EF4D7-1A56-453F-A551-51974E0FFBE5}.Debug|Any CPU.Build.0 = Debug|Any CPU
		{127EF4D7-1A56-453F-A551-51974E0FFBE5}.Release|Any CPU.ActiveCfg = Release|Any CPU
		{127EF4D7-1A56-453F-A551-51974E0FFBE5}.Release|Any CPU.Build.0 = Release|Any CPU
		{806E6425-4780-48BE-98B6-75A54C8F736A}.Debug|Any CPU.ActiveCfg = Debug|Any CPU
		{806E6425-4780-48BE-98B6-75A54C8F736A}.Debug|Any CPU.Build.0 = Debug|Any CPU
		{806E6425-4780-48BE-98B6-75A54C8F736A}.Release|Any CPU.ActiveCfg = Release|Any CPU
		{806E6425-4780-48BE-98B6-75A54C8F736A}.Release|Any CPU.Build.0 = Release|Any CPU
	EndGlobalSection
	GlobalSection(SolutionProperties) = preSolution
		HideSolutionNode = FALSE
	EndGlobalSection
	GlobalSection(ExtensibilityGlobals) = postSolution
		SolutionGuid = {E706B417-1946-43CB-B934-D7262DACDA8F}
	EndGlobalSection
EndGlobal
